
Microsoft Visual Studio Solution File, Format Version 12.00
# Visual Studio Version 16
VisualStudioVersion = 16.0.30225.117
MinimumVisualStudioVersion = 10.0.40219.1
Project("{9A19103F-16F7-4668-BE54-9A1E7A4F7556}") = "Myblog.WebApi", "WebApplication1\Myblog.WebApi.csproj", "{4C2D33CB-B381-49C5-A23B-8486C928D2A6}"
EndProject
Project("{9A19103F-16F7-4668-BE54-9A1E7A4F7556}") = "MyblogModel", "MyblogModel\MyblogModel.csproj", "{0B63DC24-520A-48FB-9DB4-A311F485C7EC}"
EndProject
Project("{2150E333-8FDC-42A3-9474-1A3956D46DE8}") = "Repository", "Repository", "{2BE47E84-1504-4DF7-B526-DA977D751531}"
EndProject
Project("{2150E333-8FDC-42A3-9474-1A3956D46DE8}") = "Service", "Service", "{8FAA98C8-61DF-42B3-A285-6365AA4ECE90}"
EndProject
Project("{9A19103F-16F7-4668-BE54-9A1E7A4F7556}") = "MyBlog.IRepository", "Myblog.IRepository\MyBlog.IRepository.csproj", "{7B4B76A8-C4D5-4F1D-82F4-496258FAAC21}"
EndProject
Project("{9A19103F-16F7-4668-BE54-9A1E7A4F7556}") = "Myblog.Repository", "Myblog.Repository\Myblog.Repository.csproj", "{92D2AE40-290B-43BA-9AE3-15AAD7743EDD}"
EndProject
Project("{9A19103F-16F7-4668-BE54-9A1E7A4F7556}") = "MyBlog.IService", "MyBlog.IService\MyBlog.IService.csproj", "{080C0F6B-CA15-4CD4-895F-FA04E6B6AAA7}"
EndProject
Project("{9A19103F-16F7-4668-BE54-9A1E7A4F7556}") = "MyBlog.Service", "MyBlog.Service\MyBlog.Service.csproj", "{B99879E5-602E-41F2-BE2C-55523F82DF02}"
EndProject
Global
	GlobalSection(SolutionConfigurationPlatforms) = preSolution
		Debug|Any CPU = Debug|Any CPU
		Release|Any CPU = Release|Any CPU
	EndGlobalSection
	GlobalSection(ProjectConfigurationPlatforms) = postSolution
		{4C2D33CB-B381-49C5-A23B-8486C928D2A6}.Debug|Any CPU.ActiveCfg = Debug|Any CPU
		{4C2D33CB-B381-49C5-A23B-8486C928D2A6}.Debug|Any CPU.Build.0 = Debug|Any CPU
		{4C2D33CB-B381-49C5-A23B-8486C928D2A6}.Release|Any CPU.ActiveCfg = Release|Any CPU
		{4C2D33CB-B381-49C5-A23B-8486C928D2A6}.Release|Any CPU.Build.0 = Release|Any CPU
		{0B63DC24-520A-48FB-9DB4-A311F485C7EC}.Debug|Any CPU.ActiveCfg = Debug|Any CPU
		{0B63DC24-520A-48FB-9DB4-A311F485C7EC}.Debug|Any CPU.Build.0 = Debug|Any CPU
		{0B63DC24-520A-48FB-9DB4-A311F485C7EC}.Release|Any CPU.ActiveCfg = Release|Any CPU
		{0B63DC24-520A-48FB-9DB4-A311F485C7EC}.Release|Any CPU.Build.0 = Release|Any CPU
		{7B4B76A8-C4D5-4F1D-82F4-496258FAAC21}.Debug|Any CPU.ActiveCfg = Debug|Any CPU
		{7B4B76A8-C4D5-4F1D-82F4-496258FAAC21}.Debug|Any CPU.Build.0 = Debug|Any CPU
		{7B4B76A8-C4D5-4F1D-82F4-496258FAAC21}.Release|Any CPU.ActiveCfg = Release|Any CPU
		{7B4B76A8-C4D5-4F1D-82F4-496258FAAC21}.Release|Any CPU.Build.0 = Release|Any CPU
		{92D2AE40-290B-43BA-9AE3-15AAD7743EDD}.Debug|Any CPU.ActiveCfg = Debug|Any CPU
		{92D2AE40-290B-43BA-9AE3-15AAD7743EDD}.Debug|Any CPU.Build.0 = Debug|Any CPU
		{92D2AE40-290B-43BA-9AE3-15AAD7743EDD}.Release|Any CPU.ActiveCfg = Release|Any CPU
		{92D2AE40-290B-43BA-9AE3-15AAD7743EDD}.Release|Any CPU.Build.0 = Release|Any CPU
		{080C0F6B-CA15-4CD4-895F-FA04E6B6AAA7}.Debug|Any CPU.ActiveCfg = Debug|Any CPU
		{080C0F6B-CA15-4CD4-895F-FA04E6B6AAA7}.Debug|Any CPU.Build.0 = Debug|Any CPU
		{080C0F6B-CA15-4CD4-895F-FA04E6B6AAA7}.Release|Any CPU.ActiveCfg = Release|Any CPU
		{080C0F6B-CA15-4CD4-895F-FA04E6B6AAA7}.Release|Any CPU.Build.0 = Release|Any CPU
		{B99879E5-602E-41F2-BE2C-55523F82DF02}.Debug|Any CPU.ActiveCfg = Debug|Any CPU
		{B99879E5-602E-41F2-BE2C-55523F82DF02}.Debug|Any CPU.Build.0 = Debug|Any CPU
		{B99879E5-602E-41F2-BE2C-55523F82DF02}.Release|Any CPU.ActiveCfg = Release|Any CPU
		{B99879E5-602E-41F2-BE2C-55523F82DF02}.Release|Any CPU.Build.0 = Release|Any CPU
	EndGlobalSection
	GlobalSection(SolutionProperties) = preSolution
		HideSolutionNode = FALSE
	EndGlobalSection
	GlobalSection(NestedProjects) = preSolution
		{7B4B76A8-C4D5-4F1D-82F4-496258FAAC21} = {2BE47E84-1504-4DF7-B526-DA977D751531}
		{92D2AE40-290B-43BA-9AE3-15AAD7743EDD} = {2BE47E84-1504-4DF7-B526-DA977D751531}
		{080C0F6B-CA15-4CD4-895F-FA04E6B6AAA7} = {8FAA98C8-61DF-42B3-A285-6365AA4ECE90}
		{B99879E5-602E-41F2-BE2C-55523F82DF02} = {8FAA98C8-61DF-42B3-A285-6365AA4ECE90}
	EndGlobalSection
	GlobalSection(ExtensibilityGlobals) = postSolution
		SolutionGuid = {B074BC49-91E2-48C1-8C9F-988265073248}
	EndGlobalSection
EndGlobal
